
Microsoft Visual Studio Solution File, Format Version 12.00
# Visual Studio 15
Project("{FAE04EC0-301F-11D3-BF4B-00C04F79EFBC}") = "UnityEngine.TestRunner", "UnityEngine.TestRunner.csproj", "{35272082-B208-84B9-CA52-EAC8CCA290A2}"
EndProject
Project("{FAE04EC0-301F-11D3-BF4B-00C04F79EFBC}") = "Unity.VisualScripting.Flow", "Unity.VisualScripting.Flow.csproj", "{9D83630B-88B3-A7AC-5F62-CAEED4682624}"
EndProject
Project("{FAE04EC0-301F-11D3-BF4B-00C04F79EFBC}") = "Unity.Mathematics", "Unity.Mathematics.csproj", "{20366CB8-EB25-9A95-2BC4-0CE844C53A5F}"
EndProject
Project("{FAE04EC0-301F-11D3-BF4B-00C04F79EFBC}") = "Unity.VisualScripting.State", "Unity.VisualScripting.State.csproj", "{1024E89A-8186-FB2B-219F-8ED4E1413C5F}"
EndProject
Project("{FAE04EC0-301F-11D3-BF4B-00C04F79EFBC}") = "Unity.VisualScripting.Core", "Unity.VisualScripting.Core.csproj", "{F7359028-CE69-0615-ACC6-1D11A5823349}"
EndProject
Project("{FAE04EC0-301F-11D3-BF4B-00C04F79EFBC}") = "Unity.Burst", "Unity.Burst.csproj", "{EEFE71DB-17A2-17DD-9647-1D81E178F4A9}"
EndProject
Project("{FAE04EC0-301F-11D3-BF4B-00C04F79EFBC}") = "Unity.TextMeshPro", "Unity.TextMeshPro.csproj", "{42ECCAB0-EDAF-BF38-909E-C0DEEE56101F}"
EndProject
Project("{FAE04EC0-301F-11D3-BF4B-00C04F79EFBC}") = "Cinemachine", "Cinemachine.csproj", "{3395462E-E992-13ED-E14A-069F2CF3DBF7}"
EndProject
Project("{FAE04EC0-301F-11D3-BF4B-00C04F79EFBC}") = "Unity.Timeline", "Unity.Timeline.csproj", "{EDC427B1-E627-09AB-393B-573EBE0EF500}"
EndProject
Project("{FAE04EC0-301F-11D3-BF4B-00C04F79EFBC}") = "Assembly-CSharp", "Assembly-CSharp.csproj", "{384F21DD-A061-9B71-3BDA-5A8F9306B3FE}"
EndProject
Project("{FAE04EC0-301F-11D3-BF4B-00C04F79EFBC}") = "Unity.PlasticSCM.Editor", "Unity.PlasticSCM.Editor.csproj", "{ABB72BA7-947C-5DE2-AFD1-91527F98503D}"
EndProject
Project("{FAE04EC0-301F-11D3-BF4B-00C04F79EFBC}") = "Unity.VisualScripting.Core.Editor", "Unity.VisualScripting.Core.Editor.csproj", "{EDD38C16-098B-86E9-DA61-49537597807D}"
EndProject
Project("{FAE04EC0-301F-11D3-BF4B-00C04F79EFBC}") = "Unity.VisualScripting.Flow.Editor", "Unity.VisualScripting.Flow.Editor.csproj", "{7D7A178C-5CAB-2FA4-469C-A2DF7FC4457A}"
EndProject
Project("{FAE04EC0-301F-11D3-BF4B-00C04F79EFBC}") = "Unity.VisualStudio.Editor", "Unity.VisualStudio.Editor.csproj", "{EF13C7C3-7F20-52F3-1596-C41463863E3F}"
EndProject
Project("{FAE04EC0-301F-11D3-BF4B-00C04F79EFBC}") = "Unity.Timeline.Editor", "Unity.Timeline.Editor.csproj", "{76B51976-785C-2999-38E4-8F46071EA757}"
EndProject
Project("{FAE04EC0-301F-11D3-BF4B-00C04F79EFBC}") = "com.unity.cinemachine.editor", "com.unity.cinemachine.editor.csproj", "{8E108475-28CF-31C4-9BA5-17F31B0246A4}"
EndProject
Project("{FAE04EC0-301F-11D3-BF4B-00C04F79EFBC}") = "Unity.VisualScripting.State.Editor", "Unity.VisualScripting.State.Editor.csproj", "{EA67790B-0990-792E-D705-9B37583EA98D}"
EndProject
Project("{FAE04EC0-301F-11D3-BF4B-00C04F79EFBC}") = "Unity.TextMeshPro.Editor", "Unity.TextMeshPro.Editor.csproj", "{3C3737D9-B9A8-9C92-E180-881E1F2C05BD}"
EndProject
Project("{FAE04EC0-301F-11D3-BF4B-00C04F79EFBC}") = "Unity.VisualScripting.SettingsProvider.Editor", "Unity.VisualScripting.SettingsProvider.Editor.csproj", "{DDB9F87D-88A9-AA5B-2748-D542D4091C7D}"
EndProject
Project("{FAE04EC0-301F-11D3-BF4B-00C04F79EFBC}") = "UnityEditor.TestRunner", "UnityEditor.TestRunner.csproj", "{0BADF295-5A1B-AE23-B03A-07764885483C}"
EndProject
Project("{FAE04EC0-301F-11D3-BF4B-00C04F79EFBC}") = "Unity.TestTools.CodeCoverage.Editor", "Unity.TestTools.CodeCoverage.Editor.csproj", "{1569905E-0133-6689-7D32-F1A7A1A2BD6C}"
EndProject
Project("{FAE04EC0-301F-11D3-BF4B-00C04F79EFBC}") = "Unity.Rider.Editor", "Unity.Rider.Editor.csproj", "{049BD0B3-048A-A513-1343-F3EEAC4F43D0}"
EndProject
Project("{FAE04EC0-301F-11D3-BF4B-00C04F79EFBC}") = "Unity.Performance.Profile-Analyzer.Editor", "Unity.Performance.Profile-Analyzer.Editor.csproj", "{830B13BD-9BED-9701-C4CE-79A3A218A047}"
EndProject
Project("{FAE04EC0-301F-11D3-BF4B-00C04F79EFBC}") = "Unity.Searcher.Editor", "Unity.Searcher.Editor.csproj", "{3C1D9BE2-D386-BD49-CBF9-A85A67E2CFC0}"
EndProject
Project("{FAE04EC0-301F-11D3-BF4B-00C04F79EFBC}") = "Unity.Burst.CodeGen", "Unity.Burst.CodeGen.csproj", "{010618EC-C82D-2B68-59FD-E6F5BC85FEFC}"
EndProject
Project("{FAE04EC0-301F-11D3-BF4B-00C04F79EFBC}") = "Unity.VSCode.Editor", "Unity.VSCode.Editor.csproj", "{51C8E838-47C5-A842-E76F-A197C8DFB036}"
EndProject
Project("{FAE04EC0-301F-11D3-BF4B-00C04F79EFBC}") = "Unity.TestTools.CodeCoverage.Editor.OpenCover.Model", "Unity.TestTools.CodeCoverage.Editor.OpenCover.Model.csproj", "{992CB208-402B-EC3A-9A73-45478BA19195}"
EndProject
Project("{FAE04EC0-301F-11D3-BF4B-00C04F79EFBC}") = "Unity.EditorCoroutines.Editor", "Unity.EditorCoroutines.Editor.csproj", "{C0093AEB-6A23-1342-05F9-279A2F0B18B5}"
EndProject
Project("{FAE04EC0-301F-11D3-BF4B-00C04F79EFBC}") = "Unity.Settings.Editor", "Unity.Settings.Editor.csproj", "{D32B8DE4-83D5-198F-3B90-E7CA3D3E9DE8}"
EndProject
Project("{FAE04EC0-301F-11D3-BF4B-00C04F79EFBC}") = "Unity.CollabProxy.Editor", "Unity.CollabProxy.Editor.csproj", "{1C6CA1BA-81B8-B789-E00A-F6C24CD96AB3}"
EndProject
Project("{FAE04EC0-301F-11D3-BF4B-00C04F79EFBC}") = "Unity.Mathematics.Editor", "Unity.Mathematics.Editor.csproj", "{01B0DDE9-7A6F-2A68-0C1E-D2B8AA45B773}"
EndProject
Project("{FAE04EC0-301F-11D3-BF4B-00C04F79EFBC}") = "Unity.Burst.Editor", "Unity.Burst.Editor.csproj", "{A750A0DB-D1F9-673F-FF79-B7E92767BAE0}"
EndProject
Project("{FAE04EC0-301F-11D3-BF4B-00C04F79EFBC}") = "Unity.TestTools.CodeCoverage.Editor.OpenCover.Mono.Reflection", "Unity.TestTools.CodeCoverage.Editor.OpenCover.Mono.Reflection.csproj", "{5F7DA86C-32C3-9A62-2513-20673D255F86}"
EndProject
Project("{FAE04EC0-301F-11D3-BF4B-00C04F79EFBC}") = "Unity.VisualScripting.Shared.Editor", "Unity.VisualScripting.Shared.Editor.csproj", "{BABFF880-C997-851A-3EC7-CE4E34B72F58}"
EndProject
Project("{FAE04EC0-301F-11D3-BF4B-00C04F79EFBC}") = "UnityEngine.TestRunner", "UnityEngine.TestRunner.Player.csproj", "{0CC311E4-90CE-B816-8335-C1ACB2866D0D}"
EndProject
Project("{FAE04EC0-301F-11D3-BF4B-00C04F79EFBC}") = "Unity.VisualScripting.Flow", "Unity.VisualScripting.Flow.Player.csproj", "{4333F829-74E5-B9EB-5D14-66D998510017}"
EndProject
Project("{FAE04EC0-301F-11D3-BF4B-00C04F79EFBC}") = "Unity.Mathematics", "Unity.Mathematics.Player.csproj", "{091A25DA-E81E-6176-937C-A8406C555577}"
EndProject
Project("{FAE04EC0-301F-11D3-BF4B-00C04F79EFBC}") = "Unity.VisualScripting.State", "Unity.VisualScripting.State.Player.csproj", "{9A62BB59-27A9-9995-1B3C-13E912821DD8}"
EndProject
Project("{FAE04EC0-301F-11D3-BF4B-00C04F79EFBC}") = "Unity.VisualScripting.Core", "Unity.VisualScripting.Core.Player.csproj", "{4F13E305-F39E-2BB6-DA85-2F8C46EE9C28}"
EndProject
Project("{FAE04EC0-301F-11D3-BF4B-00C04F79EFBC}") = "Unity.Burst", "Unity.Burst.Player.csproj", "{591D1E44-CBB2-CAE0-9F4A-3880630C05DC}"
EndProject
Project("{FAE04EC0-301F-11D3-BF4B-00C04F79EFBC}") = "Unity.TextMeshPro", "Unity.TextMeshPro.Player.csproj", "{46FD2533-4465-57FE-83E1-DDFC847115DB}"
EndProject
Project("{FAE04EC0-301F-11D3-BF4B-00C04F79EFBC}") = "Cinemachine", "Cinemachine.Player.csproj", "{EC89A016-C6A0-45AE-0FA1-4932127C376F}"
EndProject
Project("{FAE04EC0-301F-11D3-BF4B-00C04F79EFBC}") = "Unity.Timeline", "Unity.Timeline.Player.csproj", "{37CF6D44-5D1A-B8BF-1E3D-6515DEFB0D69}"
EndProject
Project("{FAE04EC0-301F-11D3-BF4B-00C04F79EFBC}") = "Assembly-CSharp", "Assembly-CSharp.Player.csproj", "{C3FE47F9-B2C5-EAD5-E970-BDAE139FF466}"
EndProject
Global
	GlobalSection(SolutionConfigurationPlatforms) = preSolution
		Debug|Any CPU = Debug|Any CPU
		Release|Any CPU = Release|Any CPU
	EndGlobalSection
	GlobalSection(ProjectConfigurationPlatforms) = postSolution
		{35272082-B208-84B9-CA52-EAC8CCA290A2}.Debug|Any CPU.ActiveCfg = Debug|Any CPU
		{35272082-B208-84B9-CA52-EAC8CCA290A2}.Debug|Any CPU.Build.0 = Debug|Any CPU
		{35272082-B208-84B9-CA52-EAC8CCA290A2}.Release|Any CPU.ActiveCfg = Release|Any CPU
		{35272082-B208-84B9-CA52-EAC8CCA290A2}.Release|Any CPU.Build.0 = Release|Any CPU
		{9D83630B-88B3-A7AC-5F62-CAEED4682624}.Debug|Any CPU.ActiveCfg = Debug|Any CPU
		{9D83630B-88B3-A7AC-5F62-CAEED4682624}.Debug|Any CPU.Build.0 = Debug|Any CPU
		{9D83630B-88B3-A7AC-5F62-CAEED4682624}.Release|Any CPU.ActiveCfg = Release|Any CPU
		{9D83630B-88B3-A7AC-5F62-CAEED4682624}.Release|Any CPU.Build.0 = Release|Any CPU
		{20366CB8-EB25-9A95-2BC4-0CE844C53A5F}.Debug|Any CPU.ActiveCfg = Debug|Any CPU
		{20366CB8-EB25-9A95-2BC4-0CE844C53A5F}.Debug|Any CPU.Build.0 = Debug|Any CPU
		{20366CB8-EB25-9A95-2BC4-0CE844C53A5F}.Release|Any CPU.ActiveCfg = Release|Any CPU
		{20366CB8-EB25-9A95-2BC4-0CE844C53A5F}.Release|Any CPU.Build.0 = Release|Any CPU
		{1024E89A-8186-FB2B-219F-8ED4E1413C5F}.Debug|Any CPU.ActiveCfg = Debug|Any CPU
		{1024E89A-8186-FB2B-219F-8ED4E1413C5F}.Debug|Any CPU.Build.0 = Debug|Any CPU
		{1024E89A-8186-FB2B-219F-8ED4E1413C5F}.Release|Any CPU.ActiveCfg = Release|Any CPU
		{1024E89A-8186-FB2B-219F-8ED4E1413C5F}.Release|Any CPU.Build.0 = Release|Any CPU
		{F7359028-CE69-0615-ACC6-1D11A5823349}.Debug|Any CPU.ActiveCfg = Debug|Any CPU
		{F7359028-CE69-0615-ACC6-1D11A5823349}.Debug|Any CPU.Build.0 = Debug|Any CPU
		{F7359028-CE69-0615-ACC6-1D11A5823349}.Release|Any CPU.ActiveCfg = Release|Any CPU
		{F7359028-CE69-0615-ACC6-1D11A5823349}.Release|Any CPU.Build.0 = Release|Any CPU
		{EEFE71DB-17A2-17DD-9647-1D81E178F4A9}.Debug|Any CPU.ActiveCfg = Debug|Any CPU
		{EEFE71DB-17A2-17DD-9647-1D81E178F4A9}.Debug|Any CPU.Build.0 = Debug|Any CPU
		{EEFE71DB-17A2-17DD-9647-1D81E178F4A9}.Release|Any CPU.ActiveCfg = Release|Any CPU
		{EEFE71DB-17A2-17DD-9647-1D81E178F4A9}.Release|Any CPU.Build.0 = Release|Any CPU
		{42ECCAB0-EDAF-BF38-909E-C0DEEE56101F}.Debug|Any CPU.ActiveCfg = Debug|Any CPU
		{42ECCAB0-EDAF-BF38-909E-C0DEEE56101F}.Debug|Any CPU.Build.0 = Debug|Any CPU
		{42ECCAB0-EDAF-BF38-909E-C0DEEE56101F}.Release|Any CPU.ActiveCfg = Release|Any CPU
		{42ECCAB0-EDAF-BF38-909E-C0DEEE56101F}.Release|Any CPU.Build.0 = Release|Any CPU
		{3395462E-E992-13ED-E14A-069F2CF3DBF7}.Debug|Any CPU.ActiveCfg = Debug|Any CPU
		{3395462E-E992-13ED-E14A-069F2CF3DBF7}.Debug|Any CPU.Build.0 = Debug|Any CPU
		{3395462E-E992-13ED-E14A-069F2CF3DBF7}.Release|Any CPU.ActiveCfg = Release|Any CPU
		{3395462E-E992-13ED-E14A-069F2CF3DBF7}.Release|Any CPU.Build.0 = Release|Any CPU
		{EDC427B1-E627-09AB-393B-573EBE0EF500}.Debug|Any CPU.ActiveCfg = Debug|Any CPU
		{EDC427B1-E627-09AB-393B-573EBE0EF500}.Debug|Any CPU.Build.0 = Debug|Any CPU
		{EDC427B1-E627-09AB-393B-573EBE0EF500}.Release|Any CPU.ActiveCfg = Release|Any CPU
		{EDC427B1-E627-09AB-393B-573EBE0EF500}.Release|Any CPU.Build.0 = Release|Any CPU
		{384F21DD-A061-9B71-3BDA-5A8F9306B3FE}.Debug|Any CPU.ActiveCfg = Debug|Any CPU
		{384F21DD-A061-9B71-3BDA-5A8F9306B3FE}.Debug|Any CPU.Build.0 = Debug|Any CPU
		{384F21DD-A061-9B71-3BDA-5A8F9306B3FE}.Release|Any CPU.ActiveCfg = Release|Any CPU
		{384F21DD-A061-9B71-3BDA-5A8F9306B3FE}.Release|Any CPU.Build.0 = Release|Any CPU
		{ABB72BA7-947C-5DE2-AFD1-91527F98503D}.Debug|Any CPU.ActiveCfg = Debug|Any CPU
		{ABB72BA7-947C-5DE2-AFD1-91527F98503D}.Debug|Any CPU.Build.0 = Debug|Any CPU
		{ABB72BA7-947C-5DE2-AFD1-91527F98503D}.Release|Any CPU.ActiveCfg = Release|Any CPU
		{ABB72BA7-947C-5DE2-AFD1-91527F98503D}.Release|Any CPU.Build.0 = Release|Any CPU
		{EDD38C16-098B-86E9-DA61-49537597807D}.Debug|Any CPU.ActiveCfg = Debug|Any CPU
		{EDD38C16-098B-86E9-DA61-49537597807D}.Debug|Any CPU.Build.0 = Debug|Any CPU
		{EDD38C16-098B-86E9-DA61-49537597807D}.Release|Any CPU.ActiveCfg = Release|Any CPU
		{EDD38C16-098B-86E9-DA61-49537597807D}.Release|Any CPU.Build.0 = Release|Any CPU
		{7D7A178C-5CAB-2FA4-469C-A2DF7FC4457A}.Debug|Any CPU.ActiveCfg = Debug|Any CPU
		{7D7A178C-5CAB-2FA4-469C-A2DF7FC4457A}.Debug|Any CPU.Build.0 = Debug|Any CPU
		{7D7A178C-5CAB-2FA4-469C-A2DF7FC4457A}.Release|Any CPU.ActiveCfg = Release|Any CPU
		{7D7A178C-5CAB-2FA4-469C-A2DF7FC4457A}.Release|Any CPU.Build.0 = Release|Any CPU
		{EF13C7C3-7F20-52F3-1596-C41463863E3F}.Debug|Any CPU.ActiveCfg = Debug|Any CPU
		{EF13C7C3-7F20-52F3-1596-C41463863E3F}.Debug|Any CPU.Build.0 = Debug|Any CPU
		{EF13C7C3-7F20-52F3-1596-C41463863E3F}.Release|Any CPU.ActiveCfg = Release|Any CPU
		{EF13C7C3-7F20-52F3-1596-C41463863E3F}.Release|Any CPU.Build.0 = Release|Any CPU
		{76B51976-785C-2999-38E4-8F46071EA757}.Debug|Any CPU.ActiveCfg = Debug|Any CPU
		{76B51976-785C-2999-38E4-8F46071EA757}.Debug|Any CPU.Build.0 = Debug|Any CPU
		{76B51976-785C-2999-38E4-8F46071EA757}.Release|Any CPU.ActiveCfg = Release|Any CPU
		{76B51976-785C-2999-38E4-8F46071EA757}.Release|Any CPU.Build.0 = Release|Any CPU
		{8E108475-28CF-31C4-9BA5-17F31B0246A4}.Debug|Any CPU.ActiveCfg = Debug|Any CPU
		{8E108475-28CF-31C4-9BA5-17F31B0246A4}.Debug|Any CPU.Build.0 = Debug|Any CPU
		{8E108475-28CF-31C4-9BA5-17F31B0246A4}.Release|Any CPU.ActiveCfg = Release|Any CPU
		{8E108475-28CF-31C4-9BA5-17F31B0246A4}.Release|Any CPU.Build.0 = Release|Any CPU
		{EA67790B-0990-792E-D705-9B37583EA98D}.Debug|Any CPU.ActiveCfg = Debug|Any CPU
		{EA67790B-0990-792E-D705-9B37583EA98D}.Debug|Any CPU.Build.0 = Debug|Any CPU
		{EA67790B-0990-792E-D705-9B37583EA98D}.Release|Any CPU.ActiveCfg = Release|Any CPU
		{EA67790B-0990-792E-D705-9B37583EA98D}.Release|Any CPU.Build.0 = Release|Any CPU
		{3C3737D9-B9A8-9C92-E180-881E1F2C05BD}.Debug|Any CPU.ActiveCfg = Debug|Any CPU
		{3C3737D9-B9A8-9C92-E180-881E1F2C05BD}.Debug|Any CPU.Build.0 = Debug|Any CPU
		{3C3737D9-B9A8-9C92-E180-881E1F2C05BD}.Release|Any CPU.ActiveCfg = Release|Any CPU
		{3C3737D9-B9A8-9C92-E180-881E1F2C05BD}.Release|Any CPU.Build.0 = Release|Any CPU
		{DDB9F87D-88A9-AA5B-2748-D542D4091C7D}.Debug|Any CPU.ActiveCfg = Debug|Any CPU
		{DDB9F87D-88A9-AA5B-2748-D542D4091C7D}.Debug|Any CPU.Build.0 = Debug|Any CPU
		{DDB9F87D-88A9-AA5B-2748-D542D4091C7D}.Release|Any CPU.ActiveCfg = Release|Any CPU
		{DDB9F87D-88A9-AA5B-2748-D542D4091C7D}.Release|Any CPU.Build.0 = Release|Any CPU
		{0BADF295-5A1B-AE23-B03A-07764885483C}.Debug|Any CPU.ActiveCfg = Debug|Any CPU
		{0BADF295-5A1B-AE23-B03A-07764885483C}.Debug|Any CPU.Build.0 = Debug|Any CPU
		{0BADF295-5A1B-AE23-B03A-07764885483C}.Release|Any CPU.ActiveCfg = Release|Any CPU
		{0BADF295-5A1B-AE23-B03A-07764885483C}.Release|Any CPU.Build.0 = Release|Any CPU
		{1569905E-0133-6689-7D32-F1A7A1A2BD6C}.Debug|Any CPU.ActiveCfg = Debug|Any CPU
		{1569905E-0133-6689-7D32-F1A7A1A2BD6C}.Debug|Any CPU.Build.0 = Debug|Any CPU
		{1569905E-0133-6689-7D32-F1A7A1A2BD6C}.Release|Any CPU.ActiveCfg = Release|Any CPU
		{1569905E-0133-6689-7D32-F1A7A1A2BD6C}.Release|Any CPU.Build.0 = Release|Any CPU
		{049BD0B3-048A-A513-1343-F3EEAC4F43D0}.Debug|Any CPU.ActiveCfg = Debug|Any CPU
		{049BD0B3-048A-A513-1343-F3EEAC4F43D0}.Debug|Any CPU.Build.0 = Debug|Any CPU
		{049BD0B3-048A-A513-1343-F3EEAC4F43D0}.Release|Any CPU.ActiveCfg = Release|Any CPU
		{049BD0B3-048A-A513-1343-F3EEAC4F43D0}.Release|Any CPU.Build.0 = Release|Any CPU
		{830B13BD-9BED-9701-C4CE-79A3A218A047}.Debug|Any CPU.ActiveCfg = Debug|Any CPU
		{830B13BD-9BED-9701-C4CE-79A3A218A047}.Debug|Any CPU.Build.0 = Debug|Any CPU
		{830B13BD-9BED-9701-C4CE-79A3A218A047}.Release|Any CPU.ActiveCfg = Release|Any CPU
		{830B13BD-9BED-9701-C4CE-79A3A218A047}.Release|Any CPU.Build.0 = Release|Any CPU
		{3C1D9BE2-D386-BD49-CBF9-A85A67E2CFC0}.Debug|Any CPU.ActiveCfg = Debug|Any CPU
		{3C1D9BE2-D386-BD49-CBF9-A85A67E2CFC0}.Debug|Any CPU.Build.0 = Debug|Any CPU
		{3C1D9BE2-D386-BD49-CBF9-A85A67E2CFC0}.Release|Any CPU.ActiveCfg = Release|Any CPU
		{3C1D9BE2-D386-BD49-CBF9-A85A67E2CFC0}.Release|Any CPU.Build.0 = Release|Any CPU
		{010618EC-C82D-2B68-59FD-E6F5BC85FEFC}.Debug|Any CPU.ActiveCfg = Debug|Any CPU
		{010618EC-C82D-2B68-59FD-E6F5BC85FEFC}.Debug|Any CPU.Build.0 = Debug|Any CPU
		{010618EC-C82D-2B68-59FD-E6F5BC85FEFC}.Release|Any CPU.ActiveCfg = Release|Any CPU
		{010618EC-C82D-2B68-59FD-E6F5BC85FEFC}.Release|Any CPU.Build.0 = Release|Any CPU
		{51C8E838-47C5-A842-E76F-A197C8DFB036}.Debug|Any CPU.ActiveCfg = Debug|Any CPU
		{51C8E838-47C5-A842-E76F-A197C8DFB036}.Debug|Any CPU.Build.0 = Debug|Any CPU
		{51C8E838-47C5-A842-E76F-A197C8DFB036}.Release|Any CPU.ActiveCfg = Release|Any CPU
		{51C8E838-47C5-A842-E76F-A197C8DFB036}.Release|Any CPU.Build.0 = Release|Any CPU
		{992CB208-402B-EC3A-9A73-45478BA19195}.Debug|Any CPU.ActiveCfg = Debug|Any CPU
		{992CB208-402B-EC3A-9A73-45478BA19195}.Debug|Any CPU.Build.0 = Debug|Any CPU
		{992CB208-402B-EC3A-9A73-45478BA19195}.Release|Any CPU.ActiveCfg = Release|Any CPU
		{992CB208-402B-EC3A-9A73-45478BA19195}.Release|Any CPU.Build.0 = Release|Any CPU
		{C0093AEB-6A23-1342-05F9-279A2F0B18B5}.Debug|Any CPU.ActiveCfg = Debug|Any CPU
		{C0093AEB-6A23-1342-05F9-279A2F0B18B5}.Debug|Any CPU.Build.0 = Debug|Any CPU
		{C0093AEB-6A23-1342-05F9-279A2F0B18B5}.Release|Any CPU.ActiveCfg = Release|Any CPU
		{C0093AEB-6A23-1342-05F9-279A2F0B18B5}.Release|Any CPU.Build.0 = Release|Any CPU
		{D32B8DE4-83D5-198F-3B90-E7CA3D3E9DE8}.Debug|Any CPU.ActiveCfg = Debug|Any CPU
		{D32B8DE4-83D5-198F-3B90-E7CA3D3E9DE8}.Debug|Any CPU.Build.0 = Debug|Any CPU
		{D32B8DE4-83D5-198F-3B90-E7CA3D3E9DE8}.Release|Any CPU.ActiveCfg = Release|Any CPU
		{D32B8DE4-83D5-198F-3B90-E7CA3D3E9DE8}.Release|Any CPU.Build.0 = Release|Any CPU
		{1C6CA1BA-81B8-B789-E00A-F6C24CD96AB3}.Debug|Any CPU.ActiveCfg = Debug|Any CPU
		{1C6CA1BA-81B8-B789-E00A-F6C24CD96AB3}.Debug|Any CPU.Build.0 = Debug|Any CPU
		{1C6CA1BA-81B8-B789-E00A-F6C24CD96AB3}.Release|Any CPU.ActiveCfg = Release|Any CPU
		{1C6CA1BA-81B8-B789-E00A-F6C24CD96AB3}.Release|Any CPU.Build.0 = Release|Any CPU
		{01B0DDE9-7A6F-2A68-0C1E-D2B8AA45B773}.Debug|Any CPU.ActiveCfg = Debug|Any CPU
		{01B0DDE9-7A6F-2A68-0C1E-D2B8AA45B773}.Debug|Any CPU.Build.0 = Debug|Any CPU
		{01B0DDE9-7A6F-2A68-0C1E-D2B8AA45B773}.Release|Any CPU.ActiveCfg = Release|Any CPU
		{01B0DDE9-7A6F-2A68-0C1E-D2B8AA45B773}.Release|Any CPU.Build.0 = Release|Any CPU
		{A750A0DB-D1F9-673F-FF79-B7E92767BAE0}.Debug|Any CPU.ActiveCfg = Debug|Any CPU
		{A750A0DB-D1F9-673F-FF79-B7E92767BAE0}.Debug|Any CPU.Build.0 = Debug|Any CPU
		{A750A0DB-D1F9-673F-FF79-B7E92767BAE0}.Release|Any CPU.ActiveCfg = Release|Any CPU
		{A750A0DB-D1F9-673F-FF79-B7E92767BAE0}.Release|Any CPU.Build.0 = Release|Any CPU
		{5F7DA86C-32C3-9A62-2513-20673D255F86}.Debug|Any CPU.ActiveCfg = Debug|Any CPU
		{5F7DA86C-32C3-9A62-2513-20673D255F86}.Debug|Any CPU.Build.0 = Debug|Any CPU
		{5F7DA86C-32C3-9A62-2513-20673D255F86}.Release|Any CPU.ActiveCfg = Release|Any CPU
		{5F7DA86C-32C3-9A62-2513-20673D255F86}.Release|Any CPU.Build.0 = Release|Any CPU
		{BABFF880-C997-851A-3EC7-CE4E34B72F58}.Debug|Any CPU.ActiveCfg = Debug|Any CPU
		{BABFF880-C997-851A-3EC7-CE4E34B72F58}.Debug|Any CPU.Build.0 = Debug|Any CPU
		{BABFF880-C997-851A-3EC7-CE4E34B72F58}.Release|Any CPU.ActiveCfg = Release|Any CPU
		{BABFF880-C997-851A-3EC7-CE4E34B72F58}.Release|Any CPU.Build.0 = Release|Any CPU
		{0CC311E4-90CE-B816-8335-C1ACB2866D0D}.Debug|Any CPU.ActiveCfg = Debug|Any CPU
		{0CC311E4-90CE-B816-8335-C1ACB2866D0D}.Debug|Any CPU.Build.0 = Debug|Any CPU
		{0CC311E4-90CE-B816-8335-C1ACB2866D0D}.Release|Any CPU.ActiveCfg = Release|Any CPU
		{0CC311E4-90CE-B816-8335-C1ACB2866D0D}.Release|Any CPU.Build.0 = Release|Any CPU
		{4333F829-74E5-B9EB-5D14-66D998510017}.Debug|Any CPU.ActiveCfg = Debug|Any CPU
		{4333F829-74E5-B9EB-5D14-66D998510017}.Debug|Any CPU.Build.0 = Debug|Any CPU
		{4333F829-74E5-B9EB-5D14-66D998510017}.Release|Any CPU.ActiveCfg = Release|Any CPU
		{4333F829-74E5-B9EB-5D14-66D998510017}.Release|Any CPU.Build.0 = Release|Any CPU
		{091A25DA-E81E-6176-937C-A8406C555577}.Debug|Any CPU.ActiveCfg = Debug|Any CPU
		{091A25DA-E81E-6176-937C-A8406C555577}.Debug|Any CPU.Build.0 = Debug|Any CPU
		{091A25DA-E81E-6176-937C-A8406C555577}.Release|Any CPU.ActiveCfg = Release|Any CPU
		{091A25DA-E81E-6176-937C-A8406C555577}.Release|Any CPU.Build.0 = Release|Any CPU
		{9A62BB59-27A9-9995-1B3C-13E912821DD8}.Debug|Any CPU.ActiveCfg = Debug|Any CPU
		{9A62BB59-27A9-9995-1B3C-13E912821DD8}.Debug|Any CPU.Build.0 = Debug|Any CPU
		{9A62BB59-27A9-9995-1B3C-13E912821DD8}.Release|Any CPU.ActiveCfg = Release|Any CPU
		{9A62BB59-27A9-9995-1B3C-13E912821DD8}.Release|Any CPU.Build.0 = Release|Any CPU
		{4F13E305-F39E-2BB6-DA85-2F8C46EE9C28}.Debug|Any CPU.ActiveCfg = Debug|Any CPU
		{4F13E305-F39E-2BB6-DA85-2F8C46EE9C28}.Debug|Any CPU.Build.0 = Debug|Any CPU
		{4F13E305-F39E-2BB6-DA85-2F8C46EE9C28}.Release|Any CPU.ActiveCfg = Release|Any CPU
		{4F13E305-F39E-2BB6-DA85-2F8C46EE9C28}.Release|Any CPU.Build.0 = Release|Any CPU
		{591D1E44-CBB2-CAE0-9F4A-3880630C05DC}.Debug|Any CPU.ActiveCfg = Debug|Any CPU
		{591D1E44-CBB2-CAE0-9F4A-3880630C05DC}.Debug|Any CPU.Build.0 = Debug|Any CPU
		{591D1E44-CBB2-CAE0-9F4A-3880630C05DC}.Release|Any CPU.ActiveCfg = Release|Any CPU
		{591D1E44-CBB2-CAE0-9F4A-3880630C05DC}.Release|Any CPU.Build.0 = Release|Any CPU
		{46FD2533-4465-57FE-83E1-DDFC847115DB}.Debug|Any CPU.ActiveCfg = Debug|Any CPU
		{46FD2533-4465-57FE-83E1-DDFC847115DB}.Debug|Any CPU.Build.0 = Debug|Any CPU
		{46FD2533-4465-57FE-83E1-DDFC847115DB}.Release|Any CPU.ActiveCfg = Release|Any CPU
		{46FD2533-4465-57FE-83E1-DDFC847115DB}.Release|Any CPU.Build.0 = Release|Any CPU
		{EC89A016-C6A0-45AE-0FA1-4932127C376F}.Debug|Any CPU.ActiveCfg = Debug|Any CPU
		{EC89A016-C6A0-45AE-0FA1-4932127C376F}.Debug|Any CPU.Build.0 = Debug|Any CPU
		{EC89A016-C6A0-45AE-0FA1-4932127C376F}.Release|Any CPU.ActiveCfg = Release|Any CPU
		{EC89A016-C6A0-45AE-0FA1-4932127C376F}.Release|Any CPU.Build.0 = Release|Any CPU
		{37CF6D44-5D1A-B8BF-1E3D-6515DEFB0D69}.Debug|Any CPU.ActiveCfg = Debug|Any CPU
		{37CF6D44-5D1A-B8BF-1E3D-6515DEFB0D69}.Debug|Any CPU.Build.0 = Debug|Any CPU
		{37CF6D44-5D1A-B8BF-1E3D-6515DEFB0D69}.Release|Any CPU.ActiveCfg = Release|Any CPU
		{37CF6D44-5D1A-B8BF-1E3D-6515DEFB0D69}.Release|Any CPU.Build.0 = Release|Any CPU
		{C3FE47F9-B2C5-EAD5-E970-BDAE139FF466}.Debug|Any CPU.ActiveCfg = Debug|Any CPU
		{C3FE47F9-B2C5-EAD5-E970-BDAE139FF466}.Debug|Any CPU.Build.0 = Debug|Any CPU
		{C3FE47F9-B2C5-EAD5-E970-BDAE139FF466}.Release|Any CPU.ActiveCfg = Release|Any CPU
		{C3FE47F9-B2C5-EAD5-E970-BDAE139FF466}.Release|Any CPU.Build.0 = Release|Any CPU
	EndGlobalSection
	GlobalSection(SolutionProperties) = preSolution
		HideSolutionNode = FALSE
	EndGlobalSection
EndGlobal
